
Microsoft Visual Studio Solution File, Format Version 12.00
# Visual Studio Version 17
VisualStudioVersion = 17.3.32929.385
MinimumVisualStudioVersion = 10.0.40219.1
Project("{FAE04EC0-301F-11D3-BF4B-00C04F79EFBC}") = "AoC_Day_1", "AoC_Day_1\AoC_Day_1.csproj", "{6BDB880C-D8FF-4AC2-8684-C5A545E772D2}"
EndProject
Project("{FAE04EC0-301F-11D3-BF4B-00C04F79EFBC}") = "AoC_Day_2", "AoC_Day_2\AoC_Day_2.csproj", "{1A9468E6-52E9-4BE5-AD55-65CC3D978428}"
EndProject
Project("{FAE04EC0-301F-11D3-BF4B-00C04F79EFBC}") = "AoC_Day_3", "AoC_Day_3\AoC_Day_3.csproj", "{AF140985-DB97-47D1-990D-94D84A579720}"
EndProject
Project("{FAE04EC0-301F-11D3-BF4B-00C04F79EFBC}") = "AoC_Day_4", "AoC_Day_4\AoC_Day_4.csproj", "{B3BC5CDB-29BA-46C1-B567-83FB95C6C380}"
EndProject
Project("{FAE04EC0-301F-11D3-BF4B-00C04F79EFBC}") = "AoC_Day_5", "AoC_Day_5\AoC_Day_5.csproj", "{FF6AC47D-4D7F-44AE-B6D0-0E0FF21BF735}"
EndProject
Project("{FAE04EC0-301F-11D3-BF4B-00C04F79EFBC}") = "AoC_Day_6", "AoC_Day_6\AoC_Day_6.csproj", "{BC98F0C5-ABC4-401C-8D39-64EF846BE2CA}"
EndProject
Project("{FAE04EC0-301F-11D3-BF4B-00C04F79EFBC}") = "AoC_Day_7", "AoC_Day_7\AoC_Day_7.csproj", "{1EA4A620-F3D0-4362-BF40-677E2C87352B}"
EndProject
Project("{FAE04EC0-301F-11D3-BF4B-00C04F79EFBC}") = "AoC_Day_8", "AoC_Day_8\AoC_Day_8.csproj", "{5E0BACAB-5E3B-41FD-8D28-6796E487F358}"
EndProject
Project("{FAE04EC0-301F-11D3-BF4B-00C04F79EFBC}") = "AoC_Day_9", "AoC_Day_9\AoC_Day_9.csproj", "{2CC3C432-15B2-4F73-9306-6E354E030DCD}"
EndProject
Project("{FAE04EC0-301F-11D3-BF4B-00C04F79EFBC}") = "AoC_Day_10", "AoC_Day_10\AoC_Day_10.csproj", "{5FC6DAFF-0765-41ED-92A7-5A665E6CCFBA}"
EndProject
Global
	GlobalSection(SolutionConfigurationPlatforms) = preSolution
		Debug|Any CPU = Debug|Any CPU
		Release|Any CPU = Release|Any CPU
	EndGlobalSection
	GlobalSection(ProjectConfigurationPlatforms) = postSolution
		{6BDB880C-D8FF-4AC2-8684-C5A545E772D2}.Debug|Any CPU.ActiveCfg = Debug|Any CPU
		{6BDB880C-D8FF-4AC2-8684-C5A545E772D2}.Debug|Any CPU.Build.0 = Debug|Any CPU
		{6BDB880C-D8FF-4AC2-8684-C5A545E772D2}.Release|Any CPU.ActiveCfg = Release|Any CPU
		{6BDB880C-D8FF-4AC2-8684-C5A545E772D2}.Release|Any CPU.Build.0 = Release|Any CPU
		{1A9468E6-52E9-4BE5-AD55-65CC3D978428}.Debug|Any CPU.ActiveCfg = Debug|Any CPU
		{1A9468E6-52E9-4BE5-AD55-65CC3D978428}.Debug|Any CPU.Build.0 = Debug|Any CPU
		{1A9468E6-52E9-4BE5-AD55-65CC3D978428}.Release|Any CPU.ActiveCfg = Release|Any CPU
		{1A9468E6-52E9-4BE5-AD55-65CC3D978428}.Release|Any CPU.Build.0 = Release|Any CPU
		{AF140985-DB97-47D1-990D-94D84A579720}.Debug|Any CPU.ActiveCfg = Debug|Any CPU
		{AF140985-DB97-47D1-990D-94D84A579720}.Debug|Any CPU.Build.0 = Debug|Any CPU
		{AF140985-DB97-47D1-990D-94D84A579720}.Release|Any CPU.ActiveCfg = Release|Any CPU
		{AF140985-DB97-47D1-990D-94D84A579720}.Release|Any CPU.Build.0 = Release|Any CPU
		{B3BC5CDB-29BA-46C1-B567-83FB95C6C380}.Debug|Any CPU.ActiveCfg = Debug|Any CPU
		{B3BC5CDB-29BA-46C1-B567-83FB95C6C380}.Debug|Any CPU.Build.0 = Debug|Any CPU
		{B3BC5CDB-29BA-46C1-B567-83FB95C6C380}.Release|Any CPU.ActiveCfg = Release|Any CPU
		{B3BC5CDB-29BA-46C1-B567-83FB95C6C380}.Release|Any CPU.Build.0 = Release|Any CPU
		{FF6AC47D-4D7F-44AE-B6D0-0E0FF21BF735}.Debug|Any CPU.ActiveCfg = Debug|Any CPU
		{FF6AC47D-4D7F-44AE-B6D0-0E0FF21BF735}.Debug|Any CPU.Build.0 = Debug|Any CPU
		{FF6AC47D-4D7F-44AE-B6D0-0E0FF21BF735}.Release|Any CPU.ActiveCfg = Release|Any CPU
		{FF6AC47D-4D7F-44AE-B6D0-0E0FF21BF735}.Release|Any CPU.Build.0 = Release|Any CPU
		{BC98F0C5-ABC4-401C-8D39-64EF846BE2CA}.Debug|Any CPU.ActiveCfg = Debug|Any CPU
		{BC98F0C5-ABC4-401C-8D39-64EF846BE2CA}.Debug|Any CPU.Build.0 = Debug|Any CPU
		{BC98F0C5-ABC4-401C-8D39-64EF846BE2CA}.Release|Any CPU.ActiveCfg = Release|Any CPU
		{BC98F0C5-ABC4-401C-8D39-64EF846BE2CA}.Release|Any CPU.Build.0 = Release|Any CPU
		{1EA4A620-F3D0-4362-BF40-677E2C87352B}.Debug|Any CPU.ActiveCfg = Debug|Any CPU
		{1EA4A620-F3D0-4362-BF40-677E2C87352B}.Debug|Any CPU.Build.0 = Debug|Any CPU
		{1EA4A620-F3D0-4362-BF40-677E2C87352B}.Release|Any CPU.ActiveCfg = Release|Any CPU
		{1EA4A620-F3D0-4362-BF40-677E2C87352B}.Release|Any CPU.Build.0 = Release|Any CPU
		{5E0BACAB-5E3B-41FD-8D28-6796E487F358}.Debug|Any CPU.ActiveCfg = Debug|Any CPU
		{5E0BACAB-5E3B-41FD-8D28-6796E487F358}.Debug|Any CPU.Build.0 = Debug|Any CPU
		{5E0BACAB-5E3B-41FD-8D28-6796E487F358}.Release|Any CPU.ActiveCfg = Release|Any CPU
		{5E0BACAB-5E3B-41FD-8D28-6796E487F358}.Release|Any CPU.Build.0 = Release|Any CPU
		{2CC3C432-15B2-4F73-9306-6E354E030DCD}.Debug|Any CPU.ActiveCfg = Debug|Any CPU
		{2CC3C432-15B2-4F73-9306-6E354E030DCD}.Debug|Any CPU.Build.0 = Debug|Any CPU
		{2CC3C432-15B2-4F73-9306-6E354E030DCD}.Release|Any CPU.ActiveCfg = Release|Any CPU
		{2CC3C432-15B2-4F73-9306-6E354E030DCD}.Release|Any CPU.Build.0 = Release|Any CPU
		{5FC6DAFF-0765-41ED-92A7-5A665E6CCFBA}.Debug|Any CPU.ActiveCfg = Debug|Any CPU
		{5FC6DAFF-0765-41ED-92A7-5A665E6CCFBA}.Debug|Any CPU.Build.0 = Debug|Any CPU
		{5FC6DAFF-0765-41ED-92A7-5A665E6CCFBA}.Release|Any CPU.ActiveCfg = Release|Any CPU
		{5FC6DAFF-0765-41ED-92A7-5A665E6CCFBA}.Release|Any CPU.Build.0 = Release|Any CPU
	EndGlobalSection
	GlobalSection(SolutionProperties) = preSolution
		HideSolutionNode = FALSE
	EndGlobalSection
	GlobalSection(ExtensibilityGlobals) = postSolution
		SolutionGuid = {21ECFFFA-095F-4044-A33F-84C4FE081E0E}
	EndGlobalSection
EndGlobal
